// !$*UTF8*$!
{
	archiveVersion = 1;
	classes = {
	};
	objectVersion = 46;
	objects = {

/* Begin PBXBuildFile section */
		27228FDA1E7727D0008DCA2A /* CloudClient.swift in Sources */ = {isa = PBXBuildFile; fileRef = 27228FD91E7727D0008DCA2A /* CloudClient.swift */; };
		27228FDC1E7727DD008DCA2A /* CloudService.swift in Sources */ = {isa = PBXBuildFile; fileRef = 27228FDB1E7727DD008DCA2A /* CloudService.swift */; };
		273A72991E708C7100024FEF /* CloudClient.framework in Frameworks */ = {isa = PBXBuildFile; fileRef = 273A728F1E708C7100024FEF /* CloudClient.framework */; };
		273A729E1E708C7100024FEF /* CloudClientTests.swift in Sources */ = {isa = PBXBuildFile; fileRef = 273A729D1E708C7100024FEF /* CloudClientTests.swift */; };
		273A72A01E708C7100024FEF /* CloudClient.h in Headers */ = {isa = PBXBuildFile; fileRef = 273A72921E708C7100024FEF /* CloudClient.h */; settings = {ATTRIBUTES = (Public, ); }; };
		273A72AB1E70971D00024FEF /* Alamofire.framework in Frameworks */ = {isa = PBXBuildFile; fileRef = 273A72AA1E70971D00024FEF /* Alamofire.framework */; };
		273A72AD1E70975900024FEF /* Alamofire.framework in Frameworks */ = {isa = PBXBuildFile; fileRef = 273A72AC1E70975900024FEF /* Alamofire.framework */; };
		275951ED1E756A9D0003A246 /* AuthService.swift in Sources */ = {isa = PBXBuildFile; fileRef = 275951E91E756A9D0003A246 /* AuthService.swift */; };
		275951EF1E756A9D0003A246 /* Defaults.swift in Sources */ = {isa = PBXBuildFile; fileRef = 275951EB1E756A9D0003A246 /* Defaults.swift */; };
		275951F01E756A9D0003A246 /* FolderService.swift in Sources */ = {isa = PBXBuildFile; fileRef = 275951EC1E756A9D0003A246 /* FolderService.swift */; };
		275951F21E756AC50003A246 /* Error.swift in Sources */ = {isa = PBXBuildFile; fileRef = 275951F11E756AC50003A246 /* Error.swift */; };
		275951F41E756AD10003A246 /* Either.swift in Sources */ = {isa = PBXBuildFile; fileRef = 275951F31E756AD10003A246 /* Either.swift */; };
		275951F61E756E7B0003A246 /* FileService.swift in Sources */ = {isa = PBXBuildFile; fileRef = 275951F51E756E7B0003A246 /* FileService.swift */; };
		27CAC2621E741CCC006F5719 /* Node.swift in Sources */ = {isa = PBXBuildFile; fileRef = 27CAC25A1E741CCC006F5719 /* Node.swift */; };
		27CAC2FF1E752AE9006F5719 /* Operators.swift in Sources */ = {isa = PBXBuildFile; fileRef = 27CAC2FE1E752AE9006F5719 /* Operators.swift */; };
/* End PBXBuildFile section */

/* Begin PBXContainerItemProxy section */
		273A729A1E708C7100024FEF /* PBXContainerItemProxy */ = {
			isa = PBXContainerItemProxy;
			containerPortal = 273A72861E708C7100024FEF /* Project object */;
			proxyType = 1;
			remoteGlobalIDString = 273A728E1E708C7100024FEF;
			remoteInfo = CloudClient;
		};
/* End PBXContainerItemProxy section */

/* Begin PBXFileReference section */
		27228FD91E7727D0008DCA2A /* CloudClient.swift */ = {isa = PBXFileReference; fileEncoding = 4; lastKnownFileType = sourcecode.swift; path = CloudClient.swift; sourceTree = "<group>"; };
		27228FDB1E7727DD008DCA2A /* CloudService.swift */ = {isa = PBXFileReference; fileEncoding = 4; lastKnownFileType = sourcecode.swift; name = CloudService.swift; path = Services/CloudService.swift; sourceTree = "<group>"; };
		273A728F1E708C7100024FEF /* CloudClient.framework */ = {isa = PBXFileReference; explicitFileType = wrapper.framework; includeInIndex = 0; path = CloudClient.framework; sourceTree = BUILT_PRODUCTS_DIR; };
		273A72921E708C7100024FEF /* CloudClient.h */ = {isa = PBXFileReference; lastKnownFileType = sourcecode.c.h; path = CloudClient.h; sourceTree = "<group>"; };
		273A72931E708C7100024FEF /* Info.plist */ = {isa = PBXFileReference; lastKnownFileType = text.plist.xml; path = Info.plist; sourceTree = "<group>"; };
		273A72981E708C7100024FEF /* CloudClientTests.xctest */ = {isa = PBXFileReference; explicitFileType = wrapper.cfbundle; includeInIndex = 0; path = CloudClientTests.xctest; sourceTree = BUILT_PRODUCTS_DIR; };
		273A729D1E708C7100024FEF /* CloudClientTests.swift */ = {isa = PBXFileReference; lastKnownFileType = sourcecode.swift; path = CloudClientTests.swift; sourceTree = "<group>"; };
		273A729F1E708C7100024FEF /* Info.plist */ = {isa = PBXFileReference; lastKnownFileType = text.plist.xml; path = Info.plist; sourceTree = "<group>"; };
		273A72AA1E70971D00024FEF /* Alamofire.framework */ = {isa = PBXFileReference; lastKnownFileType = wrapper.framework; name = Alamofire.framework; path = Carthage/Checkouts/Alamofire/build/Debug/Alamofire.framework; sourceTree = "<group>"; };
		273A72AC1E70975900024FEF /* Alamofire.framework */ = {isa = PBXFileReference; lastKnownFileType = wrapper.framework; name = Alamofire.framework; path = Carthage/Checkouts/Alamofire/build/Debug/Alamofire.framework; sourceTree = "<group>"; };
		275951E91E756A9D0003A246 /* AuthService.swift */ = {isa = PBXFileReference; fileEncoding = 4; lastKnownFileType = sourcecode.swift; name = AuthService.swift; path = Services/AuthService.swift; sourceTree = "<group>"; };
		275951EB1E756A9D0003A246 /* Defaults.swift */ = {isa = PBXFileReference; fileEncoding = 4; lastKnownFileType = sourcecode.swift; name = Defaults.swift; path = Services/Defaults.swift; sourceTree = "<group>"; };
		275951EC1E756A9D0003A246 /* FolderService.swift */ = {isa = PBXFileReference; fileEncoding = 4; lastKnownFileType = sourcecode.swift; name = FolderService.swift; path = Services/FolderService.swift; sourceTree = "<group>"; };
		275951F11E756AC50003A246 /* Error.swift */ = {isa = PBXFileReference; fileEncoding = 4; lastKnownFileType = sourcecode.swift; path = Error.swift; sourceTree = "<group>"; };
		275951F31E756AD10003A246 /* Either.swift */ = {isa = PBXFileReference; fileEncoding = 4; lastKnownFileType = sourcecode.swift; path = Either.swift; sourceTree = "<group>"; };
		275951F51E756E7B0003A246 /* FileService.swift */ = {isa = PBXFileReference; fileEncoding = 4; lastKnownFileType = sourcecode.swift; name = FileService.swift; path = Services/FileService.swift; sourceTree = "<group>"; };
		27CAC25A1E741CCC006F5719 /* Node.swift */ = {isa = PBXFileReference; fileEncoding = 4; lastKnownFileType = sourcecode.swift; path = Node.swift; sourceTree = "<group>"; };
		27CAC2FE1E752AE9006F5719 /* Operators.swift */ = {isa = PBXFileReference; fileEncoding = 4; lastKnownFileType = sourcecode.swift; path = Operators.swift; sourceTree = "<group>"; };
/* End PBXFileReference section */

/* Begin PBXFrameworksBuildPhase section */
		273A728B1E708C7100024FEF /* Frameworks */ = {
			isa = PBXFrameworksBuildPhase;
			buildActionMask = 2147483647;
			files = (
				273A72AB1E70971D00024FEF /* Alamofire.framework in Frameworks */,
			);
			runOnlyForDeploymentPostprocessing = 0;
		};
		273A72951E708C7100024FEF /* Frameworks */ = {
			isa = PBXFrameworksBuildPhase;
			buildActionMask = 2147483647;
			files = (
				273A72AD1E70975900024FEF /* Alamofire.framework in Frameworks */,
				273A72991E708C7100024FEF /* CloudClient.framework in Frameworks */,
			);
			runOnlyForDeploymentPostprocessing = 0;
		};
/* End PBXFrameworksBuildPhase section */

/* Begin PBXGroup section */
		273A72851E708C7100024FEF = {
			isa = PBXGroup;
			children = (
				273A72911E708C7100024FEF /* CloudClient */,
				27CAC2CB1E744807006F5719 /* Resources */,
				273A729C1E708C7100024FEF /* CloudClientTests */,
				273A72901E708C7100024FEF /* Products */,
				273A72A91E70971D00024FEF /* Frameworks */,
			);
			sourceTree = "<group>";
		};
		273A72901E708C7100024FEF /* Products */ = {
			isa = PBXGroup;
			children = (
				273A728F1E708C7100024FEF /* CloudClient.framework */,
				273A72981E708C7100024FEF /* CloudClientTests.xctest */,
			);
			name = Products;
			sourceTree = "<group>";
		};
		273A72911E708C7100024FEF /* CloudClient */ = {
			isa = PBXGroup;
			children = (
				27CAC2541E741CCC006F5719 /* Sources */,
			);
			path = CloudClient;
			sourceTree = "<group>";
		};
		273A729C1E708C7100024FEF /* CloudClientTests */ = {
			isa = PBXGroup;
			children = (
				273A729D1E708C7100024FEF /* CloudClientTests.swift */,
				273A729F1E708C7100024FEF /* Info.plist */,
			);
			path = CloudClientTests;
			sourceTree = "<group>";
		};
		273A72A91E70971D00024FEF /* Frameworks */ = {
			isa = PBXGroup;
			children = (
				273A72AC1E70975900024FEF /* Alamofire.framework */,
				273A72AA1E70971D00024FEF /* Alamofire.framework */,
			);
			name = Frameworks;
			sourceTree = "<group>";
		};
		27CAC2541E741CCC006F5719 /* Sources */ = {
			isa = PBXGroup;
			children = (
				27228FD91E7727D0008DCA2A /* CloudClient.swift */,
				27CAC2FE1E752AE9006F5719 /* Operators.swift */,
				27CAC2591E741CCC006F5719 /* Entitys */,
				27CAC28F1E7438ED006F5719 /* Services */,
			);
			path = Sources;
			sourceTree = "<group>";
		};
		27CAC2591E741CCC006F5719 /* Entitys */ = {
			isa = PBXGroup;
			children = (
				275951F31E756AD10003A246 /* Either.swift */,
				275951F11E756AC50003A246 /* Error.swift */,
				27CAC25A1E741CCC006F5719 /* Node.swift */,
			);
			path = Entitys;
			sourceTree = "<group>";
		};
		27CAC28F1E7438ED006F5719 /* Services */ = {
			isa = PBXGroup;
			children = (
				275951E91E756A9D0003A246 /* AuthService.swift */,
				27228FDB1E7727DD008DCA2A /* CloudService.swift */,
				275951EB1E756A9D0003A246 /* Defaults.swift */,
				275951F51E756E7B0003A246 /* FileService.swift */,
				275951EC1E756A9D0003A246 /* FolderService.swift */,
			);
			name = Services;
			sourceTree = "<group>";
		};
		27CAC2CB1E744807006F5719 /* Resources */ = {
			isa = PBXGroup;
			children = (
				273A72921E708C7100024FEF /* CloudClient.h */,
				273A72931E708C7100024FEF /* Info.plist */,
			);
			name = Resources;
			path = CloudClient;
			sourceTree = "<group>";
		};
/* End PBXGroup section */

/* Begin PBXHeadersBuildPhase section */
		273A728C1E708C7100024FEF /* Headers */ = {
			isa = PBXHeadersBuildPhase;
			buildActionMask = 2147483647;
			files = (
				273A72A01E708C7100024FEF /* CloudClient.h in Headers */,
			);
			runOnlyForDeploymentPostprocessing = 0;
		};
/* End PBXHeadersBuildPhase section */

/* Begin PBXNativeTarget section */
		273A728E1E708C7100024FEF /* CloudClient */ = {
			isa = PBXNativeTarget;
			buildConfigurationList = 273A72A31E708C7100024FEF /* Build configuration list for PBXNativeTarget "CloudClient" */;
			buildPhases = (
				273A728A1E708C7100024FEF /* Sources */,
				273A728B1E708C7100024FEF /* Frameworks */,
				273A728C1E708C7100024FEF /* Headers */,
				273A728D1E708C7100024FEF /* Resources */,
			);
			buildRules = (
			);
			dependencies = (
			);
			name = CloudClient;
			productName = CloudClient;
			productReference = 273A728F1E708C7100024FEF /* CloudClient.framework */;
			productType = "com.apple.product-type.framework";
		};
		273A72971E708C7100024FEF /* CloudClientTests */ = {
			isa = PBXNativeTarget;
			buildConfigurationList = 273A72A61E708C7100024FEF /* Build configuration list for PBXNativeTarget "CloudClientTests" */;
			buildPhases = (
				273A72941E708C7100024FEF /* Sources */,
				273A72951E708C7100024FEF /* Frameworks */,
				273A72961E708C7100024FEF /* Resources */,
			);
			buildRules = (
			);
			dependencies = (
				273A729B1E708C7100024FEF /* PBXTargetDependency */,
			);
			name = CloudClientTests;
			productName = CloudClientTests;
			productReference = 273A72981E708C7100024FEF /* CloudClientTests.xctest */;
			productType = "com.apple.product-type.bundle.unit-test";
		};
/* End PBXNativeTarget section */

/* Begin PBXProject section */
		273A72861E708C7100024FEF /* Project object */ = {
			isa = PBXProject;
			attributes = {
				LastSwiftUpdateCheck = 0820;
				LastUpgradeCheck = 0820;
				ORGANIZATIONNAME = "Владимир Елизаров";
				TargetAttributes = {
					273A728E1E708C7100024FEF = {
						CreatedOnToolsVersion = 8.2.1;
						DevelopmentTeam = X8KF57AUZJ;
						ProvisioningStyle = Automatic;
					};
					273A72971E708C7100024FEF = {
						CreatedOnToolsVersion = 8.2.1;
						DevelopmentTeam = X8KF57AUZJ;
						ProvisioningStyle = Automatic;
					};
				};
			};
			buildConfigurationList = 273A72891E708C7100024FEF /* Build configuration list for PBXProject "CloudClient" */;
			compatibilityVersion = "Xcode 3.2";
			developmentRegion = English;
			hasScannedForEncodings = 0;
			knownRegions = (
				en,
			);
			mainGroup = 273A72851E708C7100024FEF;
			productRefGroup = 273A72901E708C7100024FEF /* Products */;
			projectDirPath = "";
			projectRoot = "";
			targets = (
				273A728E1E708C7100024FEF /* CloudClient */,
				273A72971E708C7100024FEF /* CloudClientTests */,
			);
		};
/* End PBXProject section */

/* Begin PBXResourcesBuildPhase section */
		273A728D1E708C7100024FEF /* Resources */ = {
			isa = PBXResourcesBuildPhase;
			buildActionMask = 2147483647;
			files = (
			);
			runOnlyForDeploymentPostprocessing = 0;
		};
		273A72961E708C7100024FEF /* Resources */ = {
			isa = PBXResourcesBuildPhase;
			buildActionMask = 2147483647;
			files = (
			);
			runOnlyForDeploymentPostprocessing = 0;
		};
/* End PBXResourcesBuildPhase section */

/* Begin PBXSourcesBuildPhase section */
		273A728A1E708C7100024FEF /* Sources */ = {
			isa = PBXSourcesBuildPhase;
			buildActionMask = 2147483647;
			files = (
				275951F01E756A9D0003A246 /* FolderService.swift in Sources */,
				27CAC2621E741CCC006F5719 /* Node.swift in Sources */,
				275951F61E756E7B0003A246 /* FileService.swift in Sources */,
				275951F41E756AD10003A246 /* Either.swift in Sources */,
				275951ED1E756A9D0003A246 /* AuthService.swift in Sources */,
				275951EF1E756A9D0003A246 /* Defaults.swift in Sources */,
				27228FDA1E7727D0008DCA2A /* CloudClient.swift in Sources */,
				275951F21E756AC50003A246 /* Error.swift in Sources */,
				27CAC2FF1E752AE9006F5719 /* Operators.swift in Sources */,
				27228FDC1E7727DD008DCA2A /* CloudService.swift in Sources */,
			);
			runOnlyForDeploymentPostprocessing = 0;
		};
		273A72941E708C7100024FEF /* Sources */ = {
			isa = PBXSourcesBuildPhase;
			buildActionMask = 2147483647;
			files = (
				273A729E1E708C7100024FEF /* CloudClientTests.swift in Sources */,
			);
			runOnlyForDeploymentPostprocessing = 0;
		};
/* End PBXSourcesBuildPhase section */

/* Begin PBXTargetDependency section */
		273A729B1E708C7100024FEF /* PBXTargetDependency */ = {
			isa = PBXTargetDependency;
			target = 273A728E1E708C7100024FEF /* CloudClient */;
			targetProxy = 273A729A1E708C7100024FEF /* PBXContainerItemProxy */;
		};
/* End PBXTargetDependency section */

/* Begin XCBuildConfiguration section */
		273A72A11E708C7100024FEF /* Debug */ = {
			isa = XCBuildConfiguration;
			buildSettings = {
				ALWAYS_SEARCH_USER_PATHS = NO;
				CLANG_ANALYZER_NONNULL = YES;
				CLANG_CXX_LANGUAGE_STANDARD = "gnu++0x";
				CLANG_CXX_LIBRARY = "libc++";
				CLANG_ENABLE_MODULES = YES;
				CLANG_ENABLE_OBJC_ARC = YES;
				CLANG_WARN_BOOL_CONVERSION = YES;
				CLANG_WARN_CONSTANT_CONVERSION = YES;
				CLANG_WARN_DIRECT_OBJC_ISA_USAGE = YES_ERROR;
				CLANG_WARN_DOCUMENTATION_COMMENTS = YES;
				CLANG_WARN_EMPTY_BODY = YES;
				CLANG_WARN_ENUM_CONVERSION = YES;
				CLANG_WARN_INFINITE_RECURSION = YES;
				CLANG_WARN_INT_CONVERSION = YES;
				CLANG_WARN_OBJC_ROOT_CLASS = YES_ERROR;
				CLANG_WARN_SUSPICIOUS_MOVE = YES;
				CLANG_WARN_UNREACHABLE_CODE = YES;
				CLANG_WARN__DUPLICATE_METHOD_MATCH = YES;
				CODE_SIGN_IDENTITY = "-";
				COPY_PHASE_STRIP = NO;
				CURRENT_PROJECT_VERSION = 1;
				DEBUG_INFORMATION_FORMAT = dwarf;
				ENABLE_STRICT_OBJC_MSGSEND = YES;
				ENABLE_TESTABILITY = YES;
				GCC_C_LANGUAGE_STANDARD = gnu99;
				GCC_DYNAMIC_NO_PIC = NO;
				GCC_NO_COMMON_BLOCKS = YES;
				GCC_OPTIMIZATION_LEVEL = 0;
				GCC_PREPROCESSOR_DEFINITIONS = (
					"DEBUG=1",
					"$(inherited)",
				);
				GCC_WARN_64_TO_32_BIT_CONVERSION = YES;
				GCC_WARN_ABOUT_RETURN_TYPE = YES_ERROR;
				GCC_WARN_UNDECLARED_SELECTOR = YES;
				GCC_WARN_UNINITIALIZED_AUTOS = YES_AGGRESSIVE;
				GCC_WARN_UNUSED_FUNCTION = YES;
				GCC_WARN_UNUSED_VARIABLE = YES;
				MACOSX_DEPLOYMENT_TARGET = 10.12;
				MTL_ENABLE_DEBUG_INFO = YES;
				ONLY_ACTIVE_ARCH = YES;
				SDKROOT = macosx;
				SWIFT_ACTIVE_COMPILATION_CONDITIONS = DEBUG;
				SWIFT_OPTIMIZATION_LEVEL = "-Onone";
				VERSIONING_SYSTEM = "apple-generic";
				VERSION_INFO_PREFIX = "";
			};
			name = Debug;
		};
		273A72A21E708C7100024FEF /* Release */ = {
			isa = XCBuildConfiguration;
			buildSettings = {
				ALWAYS_SEARCH_USER_PATHS = NO;
				CLANG_ANALYZER_NONNULL = YES;
				CLANG_CXX_LANGUAGE_STANDARD = "gnu++0x";
				CLANG_CXX_LIBRARY = "libc++";
				CLANG_ENABLE_MODULES = YES;
				CLANG_ENABLE_OBJC_ARC = YES;
				CLANG_WARN_BOOL_CONVERSION = YES;
				CLANG_WARN_CONSTANT_CONVERSION = YES;
				CLANG_WARN_DIRECT_OBJC_ISA_USAGE = YES_ERROR;
				CLANG_WARN_DOCUMENTATION_COMMENTS = YES;
				CLANG_WARN_EMPTY_BODY = YES;
				CLANG_WARN_ENUM_CONVERSION = YES;
				CLANG_WARN_INFINITE_RECURSION = YES;
				CLANG_WARN_INT_CONVERSION = YES;
				CLANG_WARN_OBJC_ROOT_CLASS = YES_ERROR;
				CLANG_WARN_SUSPICIOUS_MOVE = YES;
				CLANG_WARN_UNREACHABLE_CODE = YES;
				CLANG_WARN__DUPLICATE_METHOD_MATCH = YES;
				CODE_SIGN_IDENTITY = "-";
				COPY_PHASE_STRIP = NO;
				CURRENT_PROJECT_VERSION = 1;
				DEBUG_INFORMATION_FORMAT = "dwarf-with-dsym";
				ENABLE_NS_ASSERTIONS = NO;
				ENABLE_STRICT_OBJC_MSGSEND = YES;
				GCC_C_LANGUAGE_STANDARD = gnu99;
				GCC_NO_COMMON_BLOCKS = YES;
				GCC_WARN_64_TO_32_BIT_CONVERSION = YES;
				GCC_WARN_ABOUT_RETURN_TYPE = YES_ERROR;
				GCC_WARN_UNDECLARED_SELECTOR = YES;
				GCC_WARN_UNINITIALIZED_AUTOS = YES_AGGRESSIVE;
				GCC_WARN_UNUSED_FUNCTION = YES;
				GCC_WARN_UNUSED_VARIABLE = YES;
				MACOSX_DEPLOYMENT_TARGET = 10.12;
				MTL_ENABLE_DEBUG_INFO = NO;
				SDKROOT = macosx;
				SWIFT_OPTIMIZATION_LEVEL = "-Owholemodule";
				VERSIONING_SYSTEM = "apple-generic";
				VERSION_INFO_PREFIX = "";
			};
			name = Release;
		};
		273A72A41E708C7100024FEF /* Debug */ = {
			isa = XCBuildConfiguration;
			buildSettings = {
				CODE_SIGN_IDENTITY = "";
				COMBINE_HIDPI_IMAGES = YES;
				DEFINES_MODULE = YES;
				DEVELOPMENT_TEAM = X8KF57AUZJ;
				DYLIB_COMPATIBILITY_VERSION = 1;
				DYLIB_CURRENT_VERSION = 1;
				DYLIB_INSTALL_NAME_BASE = "@rpath";
				FRAMEWORK_VERSION = A;
				INFOPLIST_FILE = CloudClient/Info.plist;
				INSTALL_PATH = "$(LOCAL_LIBRARY_DIR)/Frameworks";
				LD_RUNPATH_SEARCH_PATHS = "$(inherited) @executable_path/../Frameworks @loader_path/Frameworks";
				PRODUCT_BUNDLE_IDENTIFIER = com.digital.jam.developing.CloudClient;
				PRODUCT_NAME = "$(TARGET_NAME)";
				SKIP_INSTALL = YES;
				SWIFT_VERSION = 3.0;
			};
			name = Debug;
		};
		273A72A51E708C7100024FEF /* Release */ = {
			isa = XCBuildConfiguration;
			buildSettings = {
				CODE_SIGN_IDENTITY = "";
				COMBINE_HIDPI_IMAGES = YES;
				DEFINES_MODULE = YES;
				DEVELOPMENT_TEAM = X8KF57AUZJ;
				DYLIB_COMPATIBILITY_VERSION = 1;
				DYLIB_CURRENT_VERSION = 1;
				DYLIB_INSTALL_NAME_BASE = "@rpath";
				FRAMEWORK_VERSION = A;
				INFOPLIST_FILE = CloudClient/Info.plist;
				INSTALL_PATH = "$(LOCAL_LIBRARY_DIR)/Frameworks";
				LD_RUNPATH_SEARCH_PATHS = "$(inherited) @executable_path/../Frameworks @loader_path/Frameworks";
				PRODUCT_BUNDLE_IDENTIFIER = com.digital.jam.developing.CloudClient;
				PRODUCT_NAME = "$(TARGET_NAME)";
				SKIP_INSTALL = YES;
				SWIFT_VERSION = 3.0;
			};
			name = Release;
		};
		273A72A71E708C7100024FEF /* Debug */ = {
			isa = XCBuildConfiguration;
			buildSettings = {
				ALWAYS_EMBED_SWIFT_STANDARD_LIBRARIES = YES;
				COMBINE_HIDPI_IMAGES = YES;
				DEVELOPMENT_TEAM = X8KF57AUZJ;
				FRAMEWORK_SEARCH_PATHS = (
					"$(inherited)",
					"$(PROJECT_DIR)/Carthage/Checkouts/Alamofire/build/Debug",
				);
				INFOPLIST_FILE = CloudClientTests/Info.plist;
				LD_RUNPATH_SEARCH_PATHS = "$(inherited) @executable_path/../Frameworks @loader_path/../Frameworks";
				PRODUCT_BUNDLE_IDENTIFIER = com.digital.jam.developing.CloudClientTests;
				PRODUCT_NAME = "$(TARGET_NAME)";
				SWIFT_VERSION = 3.0;
			};
			name = Debug;
		};
		273A72A81E708C7100024FEF /* Release */ = {
			isa = XCBuildConfiguration;
			buildSettings = {
				ALWAYS_EMBED_SWIFT_STANDARD_LIBRARIES = YES;
				COMBINE_HIDPI_IMAGES = YES;
				DEVELOPMENT_TEAM = X8KF57AUZJ;
				FRAMEWORK_SEARCH_PATHS = (
					"$(inherited)",
					"$(PROJECT_DIR)/Carthage/Checkouts/Alamofire/build/Debug",
				);
				INFOPLIST_FILE = CloudClientTests/Info.plist;
				LD_RUNPATH_SEARCH_PATHS = "$(inherited) @executable_path/../Frameworks @loader_path/../Frameworks";
				PRODUCT_BUNDLE_IDENTIFIER = com.digital.jam.developing.CloudClientTests;
				PRODUCT_NAME = "$(TARGET_NAME)";
				SWIFT_VERSION = 3.0;
			};
			name = Release;
		};
/* End XCBuildConfiguration section */

/* Begin XCConfigurationList section */
		273A72891E708C7100024FEF /* Build configuration list for PBXProject "CloudClient" */ = {
			isa = XCConfigurationList;
			buildConfigurations = (
				273A72A11E708C7100024FEF /* Debug */,
				273A72A21E708C7100024FEF /* Release */,
			);
			defaultConfigurationIsVisible = 0;
			defaultConfigurationName = Release;
		};
		273A72A31E708C7100024FEF /* Build configuration list for PBXNativeTarget "CloudClient" */ = {
			isa = XCConfigurationList;
			buildConfigurations = (
				273A72A41E708C7100024FEF /* Debug */,
				273A72A51E708C7100024FEF /* Release */,
			);
			defaultConfigurationIsVisible = 0;
			defaultConfigurationName = Release;
		};
		273A72A61E708C7100024FEF /* Build configuration list for PBXNativeTarget "CloudClientTests" */ = {
			isa = XCConfigurationList;
			buildConfigurations = (
				273A72A71E708C7100024FEF /* Debug */,
				273A72A81E708C7100024FEF /* Release */,
			);
			defaultConfigurationIsVisible = 0;
			defaultConfigurationName = Release;
		};
/* End XCConfigurationList section */
	};
	rootObject = 273A72861E708C7100024FEF /* Project object */;
}
